
Microsoft Visual Studio Solution File, Format Version 12.00
# Visual Studio Version 17
VisualStudioVersion = 17.14.36616.10 d17.14
MinimumVisualStudioVersion = 10.0.40219.1
Project("{FAE04EC0-301F-11D3-BF4B-00C04F79EFBC}") = "Tetris test v3", "Tetris test v3\Tetris test v3.csproj", "{F6D47DCF-6379-4A69-A630-14E7AEE15B27}"
EndProject
Global
	GlobalSection(SolutionConfigurationPlatforms) = preSolution
		Debug|Any CPU = Debug|Any CPU
		Release|Any CPU = Release|Any CPU
	EndGlobalSection
	GlobalSection(ProjectConfigurationPlatforms) = postSolution
		{F6D47DCF-6379-4A69-A630-14E7AEE15B27}.Debug|Any CPU.ActiveCfg = Debug|Any CPU
		{F6D47DCF-6379-4A69-A630-14E7AEE15B27}.Debug|Any CPU.Build.0 = Debug|Any CPU
		{F6D47DCF-6379-4A69-A630-14E7AEE15B27}.Release|Any CPU.ActiveCfg = Release|Any CPU
		{F6D47DCF-6379-4A69-A630-14E7AEE15B27}.Release|Any CPU.Build.0 = Release|Any CPU
	EndGlobalSection
	GlobalSection(SolutionProperties) = preSolution
		HideSolutionNode = FALSE
	EndGlobalSection
	GlobalSection(ExtensibilityGlobals) = postSolution
		SolutionGuid = {62DFFBB7-E124-4FBB-9EB4-B708B8EA1C62}
	EndGlobalSection
EndGlobal
